// !$*UTF8*$!
{
	archiveVersion = 1;
	classes = {
	};
	objectVersion = 55;
	objects = {

/* Begin PBXBuildFile section */
		6450EA0828277C5D000F5C98 /* HonkApp.swift in Sources */ = {isa = PBXBuildFile; fileRef = 6450EA0728277C5D000F5C98 /* HonkApp.swift */; };
		6450EA0A28277C5D000F5C98 /* ContentView.swift in Sources */ = {isa = PBXBuildFile; fileRef = 6450EA0928277C5D000F5C98 /* ContentView.swift */; };
		6450EA0C28277C60000F5C98 /* Assets.xcassets in Resources */ = {isa = PBXBuildFile; fileRef = 6450EA0B28277C60000F5C98 /* Assets.xcassets */; };
		6450EA0F28277C60000F5C98 /* Preview Assets.xcassets in Resources */ = {isa = PBXBuildFile; fileRef = 6450EA0E28277C60000F5C98 /* Preview Assets.xcassets */; };
		6450EA1928277C61000F5C98 /* HonkTests.swift in Sources */ = {isa = PBXBuildFile; fileRef = 6450EA1828277C61000F5C98 /* HonkTests.swift */; };
		6450EA2328277C61000F5C98 /* HonkUITests.swift in Sources */ = {isa = PBXBuildFile; fileRef = 6450EA2228277C61000F5C98 /* HonkUITests.swift */; };
		6450EA2528277C61000F5C98 /* HonkUITestsLaunchTests.swift in Sources */ = {isa = PBXBuildFile; fileRef = 6450EA2428277C61000F5C98 /* HonkUITestsLaunchTests.swift */; };
		6450EA3228277FB4000F5C98 /* honk.mp3 in Resources */ = {isa = PBXBuildFile; fileRef = 6450EA3128277FB4000F5C98 /* honk.mp3 */; };
		6450EA3428278382000F5C98 /* soundplayer.swift in Sources */ = {isa = PBXBuildFile; fileRef = 6450EA3328278382000F5C98 /* soundplayer.swift */; };
		64E6439C28287B4800F9F194 /* soundplayer2.swift in Sources */ = {isa = PBXBuildFile; fileRef = 64E6439B28287B4800F9F194 /* soundplayer2.swift */; };
		64E6439E28287D3800F9F194 /* door.mp3 in Resources */ = {isa = PBXBuildFile; fileRef = 64E6439D28287D3800F9F194 /* door.mp3 */; };
		64E643A02828820800F9F194 /* din1451alt.ttf in Resources */ = {isa = PBXBuildFile; fileRef = 64E6439F2828820800F9F194 /* din1451alt.ttf */; };
		64E643A22828840100F9F194 /* SwiftUIView.swift in Sources */ = {isa = PBXBuildFile; fileRef = 64E643A12828840100F9F194 /* SwiftUIView.swift */; };
/* End PBXBuildFile section */

/* Begin PBXContainerItemProxy section */
		6450EA1528277C61000F5C98 /* PBXContainerItemProxy */ = {
			isa = PBXContainerItemProxy;
			containerPortal = 6450E9FC28277C5D000F5C98 /* Project object */;
			proxyType = 1;
			remoteGlobalIDString = 6450EA0328277C5D000F5C98;
			remoteInfo = Honk;
		};
		6450EA1F28277C61000F5C98 /* PBXContainerItemProxy */ = {
			isa = PBXContainerItemProxy;
			containerPortal = 6450E9FC28277C5D000F5C98 /* Project object */;
			proxyType = 1;
			remoteGlobalIDString = 6450EA0328277C5D000F5C98;
			remoteInfo = Honk;
		};
/* End PBXContainerItemProxy section */

/* Begin PBXFileReference section */
		6450EA0428277C5D000F5C98 /* Honk.app */ = {isa = PBXFileReference; explicitFileType = wrapper.application; includeInIndex = 0; path = Honk.app; sourceTree = BUILT_PRODUCTS_DIR; };
		6450EA0728277C5D000F5C98 /* HonkApp.swift */ = {isa = PBXFileReference; lastKnownFileType = sourcecode.swift; path = HonkApp.swift; sourceTree = "<group>"; };
		6450EA0928277C5D000F5C98 /* ContentView.swift */ = {isa = PBXFileReference; lastKnownFileType = sourcecode.swift; path = ContentView.swift; sourceTree = "<group>"; };
		6450EA0B28277C60000F5C98 /* Assets.xcassets */ = {isa = PBXFileReference; lastKnownFileType = folder.assetcatalog; path = Assets.xcassets; sourceTree = "<group>"; };
		6450EA0E28277C60000F5C98 /* Preview Assets.xcassets */ = {isa = PBXFileReference; lastKnownFileType = folder.assetcatalog; path = "Preview Assets.xcassets"; sourceTree = "<group>"; };
		6450EA1428277C61000F5C98 /* HonkTests.xctest */ = {isa = PBXFileReference; explicitFileType = wrapper.cfbundle; includeInIndex = 0; path = HonkTests.xctest; sourceTree = BUILT_PRODUCTS_DIR; };
		6450EA1828277C61000F5C98 /* HonkTests.swift */ = {isa = PBXFileReference; lastKnownFileType = sourcecode.swift; path = HonkTests.swift; sourceTree = "<group>"; };
		6450EA1E28277C61000F5C98 /* HonkUITests.xctest */ = {isa = PBXFileReference; explicitFileType = wrapper.cfbundle; includeInIndex = 0; path = HonkUITests.xctest; sourceTree = BUILT_PRODUCTS_DIR; };
		6450EA2228277C61000F5C98 /* HonkUITests.swift */ = {isa = PBXFileReference; lastKnownFileType = sourcecode.swift; path = HonkUITests.swift; sourceTree = "<group>"; };
		6450EA2428277C61000F5C98 /* HonkUITestsLaunchTests.swift */ = {isa = PBXFileReference; lastKnownFileType = sourcecode.swift; path = HonkUITestsLaunchTests.swift; sourceTree = "<group>"; };
		6450EA3128277FB4000F5C98 /* honk.mp3 */ = {isa = PBXFileReference; lastKnownFileType = audio.mp3; path = honk.mp3; sourceTree = "<group>"; };
		6450EA3328278382000F5C98 /* soundplayer.swift */ = {isa = PBXFileReference; lastKnownFileType = sourcecode.swift; path = soundplayer.swift; sourceTree = "<group>"; };
		64E6439B28287B4800F9F194 /* soundplayer2.swift */ = {isa = PBXFileReference; lastKnownFileType = sourcecode.swift; path = soundplayer2.swift; sourceTree = "<group>"; };
		64E6439D28287D3800F9F194 /* door.mp3 */ = {isa = PBXFileReference; lastKnownFileType = audio.mp3; path = door.mp3; sourceTree = "<group>"; };
		64E6439F2828820800F9F194 /* din1451alt.ttf */ = {isa = PBXFileReference; lastKnownFileType = file; path = din1451alt.ttf; sourceTree = "<group>"; };
		64E643A12828840100F9F194 /* SwiftUIView.swift */ = {isa = PBXFileReference; lastKnownFileType = sourcecode.swift; path = SwiftUIView.swift; sourceTree = "<group>"; };
/* End PBXFileReference section */

/* Begin PBXFrameworksBuildPhase section */
		6450EA0128277C5D000F5C98 /* Frameworks */ = {
			isa = PBXFrameworksBuildPhase;
			buildActionMask = 2147483647;
			files = (
			);
			runOnlyForDeploymentPostprocessing = 0;
		};
		6450EA1128277C61000F5C98 /* Frameworks */ = {
			isa = PBXFrameworksBuildPhase;
			buildActionMask = 2147483647;
			files = (
			);
			runOnlyForDeploymentPostprocessing = 0;
		};
		6450EA1B28277C61000F5C98 /* Frameworks */ = {
			isa = PBXFrameworksBuildPhase;
			buildActionMask = 2147483647;
			files = (
			);
			runOnlyForDeploymentPostprocessing = 0;
		};
/* End PBXFrameworksBuildPhase section */

/* Begin PBXGroup section */
		6450E9FB28277C5D000F5C98 = {
			isa = PBXGroup;
			children = (
				6450EA0628277C5D000F5C98 /* Honk */,
				6450EA1728277C61000F5C98 /* HonkTests */,
				6450EA2128277C61000F5C98 /* HonkUITests */,
				6450EA0528277C5D000F5C98 /* Products */,
			);
			sourceTree = "<group>";
		};
		6450EA0528277C5D000F5C98 /* Products */ = {
			isa = PBXGroup;
			children = (
				6450EA0428277C5D000F5C98 /* Honk.app */,
				6450EA1428277C61000F5C98 /* HonkTests.xctest */,
				6450EA1E28277C61000F5C98 /* HonkUITests.xctest */,
			);
			name = Products;
			sourceTree = "<group>";
		};
		6450EA0628277C5D000F5C98 /* Honk */ = {
			isa = PBXGroup;
			children = (
				6450EA0728277C5D000F5C98 /* HonkApp.swift */,
				64E6439D28287D3800F9F194 /* door.mp3 */,
				6450EA3128277FB4000F5C98 /* honk.mp3 */,
				6450EA0928277C5D000F5C98 /* ContentView.swift */,
				64E6439F2828820800F9F194 /* din1451alt.ttf */,
				64E643A12828840100F9F194 /* SwiftUIView.swift */,
				6450EA3328278382000F5C98 /* soundplayer.swift */,
				64E6439B28287B4800F9F194 /* soundplayer2.swift */,
				6450EA0B28277C60000F5C98 /* Assets.xcassets */,
				6450EA0D28277C60000F5C98 /* Preview Content */,
			);
			path = Honk;
			sourceTree = "<group>";
		};
		6450EA0D28277C60000F5C98 /* Preview Content */ = {
			isa = PBXGroup;
			children = (
				6450EA0E28277C60000F5C98 /* Preview Assets.xcassets */,
			);
			path = "Preview Content";
			sourceTree = "<group>";
		};
		6450EA1728277C61000F5C98 /* HonkTests */ = {
			isa = PBXGroup;
			children = (
				6450EA1828277C61000F5C98 /* HonkTests.swift */,
			);
			path = HonkTests;
			sourceTree = "<group>";
		};
		6450EA2128277C61000F5C98 /* HonkUITests */ = {
			isa = PBXGroup;
			children = (
				6450EA2228277C61000F5C98 /* HonkUITests.swift */,
				6450EA2428277C61000F5C98 /* HonkUITestsLaunchTests.swift */,
			);
			path = HonkUITests;
			sourceTree = "<group>";
		};
/* End PBXGroup section */

/* Begin PBXNativeTarget section */
		6450EA0328277C5D000F5C98 /* Honk */ = {
			isa = PBXNativeTarget;
			buildConfigurationList = 6450EA2828277C61000F5C98 /* Build configuration list for PBXNativeTarget "Honk" */;
			buildPhases = (
				6450EA0028277C5D000F5C98 /* Sources */,
				6450EA0128277C5D000F5C98 /* Frameworks */,
				6450EA0228277C5D000F5C98 /* Resources */,
			);
			buildRules = (
			);
			dependencies = (
			);
			name = Honk;
			productName = Honk;
			productReference = 6450EA0428277C5D000F5C98 /* Honk.app */;
			productType = "com.apple.product-type.application";
		};
		6450EA1328277C61000F5C98 /* HonkTests */ = {
			isa = PBXNativeTarget;
			buildConfigurationList = 6450EA2B28277C61000F5C98 /* Build configuration list for PBXNativeTarget "HonkTests" */;
			buildPhases = (
				6450EA1028277C61000F5C98 /* Sources */,
				6450EA1128277C61000F5C98 /* Frameworks */,
				6450EA1228277C61000F5C98 /* Resources */,
			);
			buildRules = (
			);
			dependencies = (
				6450EA1628277C61000F5C98 /* PBXTargetDependency */,
			);
			name = HonkTests;
			productName = HonkTests;
			productReference = 6450EA1428277C61000F5C98 /* HonkTests.xctest */;
			productType = "com.apple.product-type.bundle.unit-test";
		};
		6450EA1D28277C61000F5C98 /* HonkUITests */ = {
			isa = PBXNativeTarget;
			buildConfigurationList = 6450EA2E28277C61000F5C98 /* Build configuration list for PBXNativeTarget "HonkUITests" */;
			buildPhases = (
				6450EA1A28277C61000F5C98 /* Sources */,
				6450EA1B28277C61000F5C98 /* Frameworks */,
				6450EA1C28277C61000F5C98 /* Resources */,
			);
			buildRules = (
			);
			dependencies = (
				6450EA2028277C61000F5C98 /* PBXTargetDependency */,
			);
			name = HonkUITests;
			productName = HonkUITests;
			productReference = 6450EA1E28277C61000F5C98 /* HonkUITests.xctest */;
			productType = "com.apple.product-type.bundle.ui-testing";
		};
/* End PBXNativeTarget section */

/* Begin PBXProject section */
		6450E9FC28277C5D000F5C98 /* Project object */ = {
			isa = PBXProject;
			attributes = {
				BuildIndependentTargetsInParallel = 1;
				LastSwiftUpdateCheck = 1330;
				LastUpgradeCheck = 1330;
				TargetAttributes = {
					6450EA0328277C5D000F5C98 = {
						CreatedOnToolsVersion = 13.3.1;
					};
					6450EA1328277C61000F5C98 = {
						CreatedOnToolsVersion = 13.3.1;
						TestTargetID = 6450EA0328277C5D000F5C98;
					};
					6450EA1D28277C61000F5C98 = {
						CreatedOnToolsVersion = 13.3.1;
						TestTargetID = 6450EA0328277C5D000F5C98;
					};
				};
			};
			buildConfigurationList = 6450E9FF28277C5D000F5C98 /* Build configuration list for PBXProject "Honk" */;
			compatibilityVersion = "Xcode 13.0";
			developmentRegion = en;
			hasScannedForEncodings = 0;
			knownRegions = (
				en,
				Base,
			);
			mainGroup = 6450E9FB28277C5D000F5C98;
			productRefGroup = 6450EA0528277C5D000F5C98 /* Products */;
			projectDirPath = "";
			projectRoot = "";
			targets = (
				6450EA0328277C5D000F5C98 /* Honk */,
				6450EA1328277C61000F5C98 /* HonkTests */,
				6450EA1D28277C61000F5C98 /* HonkUITests */,
			);
		};
/* End PBXProject section */

/* Begin PBXResourcesBuildPhase section */
		6450EA0228277C5D000F5C98 /* Resources */ = {
			isa = PBXResourcesBuildPhase;
			buildActionMask = 2147483647;
			files = (
				6450EA0F28277C60000F5C98 /* Preview Assets.xcassets in Resources */,
				64E643A02828820800F9F194 /* din1451alt.ttf in Resources */,
				6450EA0C28277C60000F5C98 /* Assets.xcassets in Resources */,
				64E6439E28287D3800F9F194 /* door.mp3 in Resources */,
				6450EA3228277FB4000F5C98 /* honk.mp3 in Resources */,
			);
			runOnlyForDeploymentPostprocessing = 0;
		};
		6450EA1228277C61000F5C98 /* Resources */ = {
			isa = PBXResourcesBuildPhase;
			buildActionMask = 2147483647;
			files = (
			);
			runOnlyForDeploymentPostprocessing = 0;
		};
		6450EA1C28277C61000F5C98 /* Resources */ = {
			isa = PBXResourcesBuildPhase;
			buildActionMask = 2147483647;
			files = (
			);
			runOnlyForDeploymentPostprocessing = 0;
		};
/* End PBXResourcesBuildPhase section */

/* Begin PBXSourcesBuildPhase section */
		6450EA0028277C5D000F5C98 /* Sources */ = {
			isa = PBXSourcesBuildPhase;
			buildActionMask = 2147483647;
			files = (
				6450EA0A28277C5D000F5C98 /* ContentView.swift in Sources */,
				64E6439C28287B4800F9F194 /* soundplayer2.swift in Sources */,
				6450EA0828277C5D000F5C98 /* HonkApp.swift in Sources */,
				6450EA3428278382000F5C98 /* soundplayer.swift in Sources */,
				64E643A22828840100F9F194 /* SwiftUIView.swift in Sources */,
			);
			runOnlyForDeploymentPostprocessing = 0;
		};
		6450EA1028277C61000F5C98 /* Sources */ = {
			isa = PBXSourcesBuildPhase;
			buildActionMask = 2147483647;
			files = (
				6450EA1928277C61000F5C98 /* HonkTests.swift in Sources */,
			);
			runOnlyForDeploymentPostprocessing = 0;
		};
		6450EA1A28277C61000F5C98 /* Sources */ = {
			isa = PBXSourcesBuildPhase;
			buildActionMask = 2147483647;
			files = (
				6450EA2528277C61000F5C98 /* HonkUITestsLaunchTests.swift in Sources */,
				6450EA2328277C61000F5C98 /* HonkUITests.swift in Sources */,
			);
			runOnlyForDeploymentPostprocessing = 0;
		};
/* End PBXSourcesBuildPhase section */

/* Begin PBXTargetDependency section */
		6450EA1628277C61000F5C98 /* PBXTargetDependency */ = {
			isa = PBXTargetDependency;
			target = 6450EA0328277C5D000F5C98 /* Honk */;
			targetProxy = 6450EA1528277C61000F5C98 /* PBXContainerItemProxy */;
		};
		6450EA2028277C61000F5C98 /* PBXTargetDependency */ = {
			isa = PBXTargetDependency;
			target = 6450EA0328277C5D000F5C98 /* Honk */;
			targetProxy = 6450EA1F28277C61000F5C98 /* PBXContainerItemProxy */;
		};
/* End PBXTargetDependency section */

/* Begin XCBuildConfiguration section */
		6450EA2628277C61000F5C98 /* Debug */ = {
			isa = XCBuildConfiguration;
			buildSettings = {
				ALWAYS_SEARCH_USER_PATHS = NO;
				CLANG_ANALYZER_NONNULL = YES;
				CLANG_ANALYZER_NUMBER_OBJECT_CONVERSION = YES_AGGRESSIVE;
				CLANG_CXX_LANGUAGE_STANDARD = "gnu++17";
				CLANG_ENABLE_MODULES = YES;
				CLANG_ENABLE_OBJC_ARC = YES;
				CLANG_ENABLE_OBJC_WEAK = YES;
				CLANG_WARN_BLOCK_CAPTURE_AUTORELEASING = YES;
				CLANG_WARN_BOOL_CONVERSION = YES;
				CLANG_WARN_COMMA = YES;
				CLANG_WARN_CONSTANT_CONVERSION = YES;
				CLANG_WARN_DEPRECATED_OBJC_IMPLEMENTATIONS = YES;
				CLANG_WARN_DIRECT_OBJC_ISA_USAGE = YES_ERROR;
				CLANG_WARN_DOCUMENTATION_COMMENTS = YES;
				CLANG_WARN_EMPTY_BODY = YES;
				CLANG_WARN_ENUM_CONVERSION = YES;
				CLANG_WARN_INFINITE_RECURSION = YES;
				CLANG_WARN_INT_CONVERSION = YES;
				CLANG_WARN_NON_LITERAL_NULL_CONVERSION = YES;
				CLANG_WARN_OBJC_IMPLICIT_RETAIN_SELF = YES;
				CLANG_WARN_OBJC_LITERAL_CONVERSION = YES;
				CLANG_WARN_OBJC_ROOT_CLASS = YES_ERROR;
				CLANG_WARN_QUOTED_INCLUDE_IN_FRAMEWORK_HEADER = YES;
				CLANG_WARN_RANGE_LOOP_ANALYSIS = YES;
				CLANG_WARN_STRICT_PROTOTYPES = YES;
				CLANG_WARN_SUSPICIOUS_MOVE = YES;
				CLANG_WARN_UNGUARDED_AVAILABILITY = YES_AGGRESSIVE;
				CLANG_WARN_UNREACHABLE_CODE = YES;
				CLANG_WARN__DUPLICATE_METHOD_MATCH = YES;
				COPY_PHASE_STRIP = NO;
				DEBUG_INFORMATION_FORMAT = dwarf;
				ENABLE_STRICT_OBJC_MSGSEND = YES;
				ENABLE_TESTABILITY = YES;
				GCC_C_LANGUAGE_STANDARD = gnu11;
				GCC_DYNAMIC_NO_PIC = NO;
				GCC_NO_COMMON_BLOCKS = YES;
				GCC_OPTIMIZATION_LEVEL = 0;
				GCC_PREPROCESSOR_DEFINITIONS = (
					"DEBUG=1",
					"$(inherited)",
				);
				GCC_WARN_64_TO_32_BIT_CONVERSION = YES;
				GCC_WARN_ABOUT_RETURN_TYPE = YES_ERROR;
				GCC_WARN_UNDECLARED_SELECTOR = YES;
				GCC_WARN_UNINITIALIZED_AUTOS = YES_AGGRESSIVE;
				GCC_WARN_UNUSED_FUNCTION = YES;
				GCC_WARN_UNUSED_VARIABLE = YES;
				IPHONEOS_DEPLOYMENT_TARGET = 15.4;
				MTL_ENABLE_DEBUG_INFO = INCLUDE_SOURCE;
				MTL_FAST_MATH = YES;
				ONLY_ACTIVE_ARCH = YES;
				SDKROOT = iphoneos;
				SWIFT_ACTIVE_COMPILATION_CONDITIONS = DEBUG;
				SWIFT_OPTIMIZATION_LEVEL = "-Onone";
			};
			name = Debug;
		};
		6450EA2728277C61000F5C98 /* Release */ = {
			isa = XCBuildConfiguration;
			buildSettings = {
				ALWAYS_SEARCH_USER_PATHS = NO;
				CLANG_ANALYZER_NONNULL = YES;
				CLANG_ANALYZER_NUMBER_OBJECT_CONVERSION = YES_AGGRESSIVE;
				CLANG_CXX_LANGUAGE_STANDARD = "gnu++17";
				CLANG_ENABLE_MODULES = YES;
				CLANG_ENABLE_OBJC_ARC = YES;
				CLANG_ENABLE_OBJC_WEAK = YES;
				CLANG_WARN_BLOCK_CAPTURE_AUTORELEASING = YES;
				CLANG_WARN_BOOL_CONVERSION = YES;
				CLANG_WARN_COMMA = YES;
				CLANG_WARN_CONSTANT_CONVERSION = YES;
				CLANG_WARN_DEPRECATED_OBJC_IMPLEMENTATIONS = YES;
				CLANG_WARN_DIRECT_OBJC_ISA_USAGE = YES_ERROR;
				CLANG_WARN_DOCUMENTATION_COMMENTS = YES;
				CLANG_WARN_EMPTY_BODY = YES;
				CLANG_WARN_ENUM_CONVERSION = YES;
				CLANG_WARN_INFINITE_RECURSION = YES;
				CLANG_WARN_INT_CONVERSION = YES;
				CLANG_WARN_NON_LITERAL_NULL_CONVERSION = YES;
				CLANG_WARN_OBJC_IMPLICIT_RETAIN_SELF = YES;
				CLANG_WARN_OBJC_LITERAL_CONVERSION = YES;
				CLANG_WARN_OBJC_ROOT_CLASS = YES_ERROR;
				CLANG_WARN_QUOTED_INCLUDE_IN_FRAMEWORK_HEADER = YES;
				CLANG_WARN_RANGE_LOOP_ANALYSIS = YES;
				CLANG_WARN_STRICT_PROTOTYPES = YES;
				CLANG_WARN_SUSPICIOUS_MOVE = YES;
				CLANG_WARN_UNGUARDED_AVAILABILITY = YES_AGGRESSIVE;
				CLANG_WARN_UNREACHABLE_CODE = YES;
				CLANG_WARN__DUPLICATE_METHOD_MATCH = YES;
				COPY_PHASE_STRIP = NO;
				DEBUG_INFORMATION_FORMAT = "dwarf-with-dsym";
				ENABLE_NS_ASSERTIONS = NO;
				ENABLE_STRICT_OBJC_MSGSEND = YES;
				GCC_C_LANGUAGE_STANDARD = gnu11;
				GCC_NO_COMMON_BLOCKS = YES;
				GCC_WARN_64_TO_32_BIT_CONVERSION = YES;
				GCC_WARN_ABOUT_RETURN_TYPE = YES_ERROR;
				GCC_WARN_UNDECLARED_SELECTOR = YES;
				GCC_WARN_UNINITIALIZED_AUTOS = YES_AGGRESSIVE;
				GCC_WARN_UNUSED_FUNCTION = YES;
				GCC_WARN_UNUSED_VARIABLE = YES;
				IPHONEOS_DEPLOYMENT_TARGET = 15.4;
				MTL_ENABLE_DEBUG_INFO = NO;
				MTL_FAST_MATH = YES;
				SDKROOT = iphoneos;
				SWIFT_COMPILATION_MODE = wholemodule;
				SWIFT_OPTIMIZATION_LEVEL = "-O";
				VALIDATE_PRODUCT = YES;
			};
			name = Release;
		};
		6450EA2928277C61000F5C98 /* Debug */ = {
			isa = XCBuildConfiguration;
			buildSettings = {
				ASSETCATALOG_COMPILER_APPICON_NAME = AppIcon;
				ASSETCATALOG_COMPILER_GLOBAL_ACCENT_COLOR_NAME = AccentColor;
				CODE_SIGN_STYLE = Automatic;
				CURRENT_PROJECT_VERSION = 1;
				DEVELOPMENT_ASSET_PATHS = "\"Honk/Preview Content\"";
				DEVELOPMENT_TEAM = TRDA655WL3;
				ENABLE_PREVIEWS = YES;
				GENERATE_INFOPLIST_FILE = YES;
				INFOPLIST_KEY_UIApplicationSceneManifest_Generation = YES;
				INFOPLIST_KEY_UIApplicationSupportsIndirectInputEvents = YES;
				INFOPLIST_KEY_UILaunchScreen_Generation = YES;
				INFOPLIST_KEY_UISupportedInterfaceOrientations_iPad = "UIInterfaceOrientationPortrait UIInterfaceOrientationPortraitUpsideDown UIInterfaceOrientationLandscapeLeft UIInterfaceOrientationLandscapeRight";
				INFOPLIST_KEY_UISupportedInterfaceOrientations_iPhone = "UIInterfaceOrientationPortrait UIInterfaceOrientationLandscapeLeft UIInterfaceOrientationLandscapeRight";
				LD_RUNPATH_SEARCH_PATHS = (
					"$(inherited)",
					"@executable_path/Frameworks",
				);
				MARKETING_VERSION = 1.0;
				PRODUCT_BUNDLE_IDENTIFIER = com.EdWest.Honk;
				PRODUCT_NAME = "$(TARGET_NAME)";
				SWIFT_EMIT_LOC_STRINGS = YES;
				SWIFT_VERSION = 5.0;
				TARGETED_DEVICE_FAMILY = "1,2";
			};
			name = Debug;
		};
		6450EA2A28277C61000F5C98 /* Release */ = {
			isa = XCBuildConfiguration;
			buildSettings = {
				ASSETCATALOG_COMPILER_APPICON_NAME = AppIcon;
				ASSETCATALOG_COMPILER_GLOBAL_ACCENT_COLOR_NAME = AccentColor;
				CODE_SIGN_STYLE = Automatic;
				CURRENT_PROJECT_VERSION = 1;
				DEVELOPMENT_ASSET_PATHS = "\"Honk/Preview Content\"";
				DEVELOPMENT_TEAM = TRDA655WL3;
				ENABLE_PREVIEWS = YES;
				GENERATE_INFOPLIST_FILE = YES;
				INFOPLIST_KEY_UIApplicationSceneManifest_Generation = YES;
				INFOPLIST_KEY_UIApplicationSupportsIndirectInputEvents = YES;
				INFOPLIST_KEY_UILaunchScreen_Generation = YES;
				INFOPLIST_KEY_UISupportedInterfaceOrientations_iPad = "UIInterfaceOrientationPortrait UIInterfaceOrientationPortraitUpsideDown UIInterfaceOrientationLandscapeLeft UIInterfaceOrientationLandscapeRight";
				INFOPLIST_KEY_UISupportedInterfaceOrientations_iPhone = "UIInterfaceOrientationPortrait UIInterfaceOrientationLandscapeLeft UIInterfaceOrientationLandscapeRight";
				LD_RUNPATH_SEARCH_PATHS = (
					"$(inherited)",
					"@executable_path/Frameworks",
				);
				MARKETING_VERSION = 1.0;
				PRODUCT_BUNDLE_IDENTIFIER = com.EdWest.Honk;
				PRODUCT_NAME = "$(TARGET_NAME)";
				SWIFT_EMIT_LOC_STRINGS = YES;
				SWIFT_VERSION = 5.0;
				TARGETED_DEVICE_FAMILY = "1,2";
			};
			name = Release;
		};
		6450EA2C28277C61000F5C98 /* Debug */ = {
			isa = XCBuildConfiguration;
			buildSettings = {
				ALWAYS_EMBED_SWIFT_STANDARD_LIBRARIES = YES;
				BUNDLE_LOADER = "$(TEST_HOST)";
				CODE_SIGN_STYLE = Automatic;
				CURRENT_PROJECT_VERSION = 1;
				DEVELOPMENT_TEAM = TRDA655WL3;
				GENERATE_INFOPLIST_FILE = YES;
				IPHONEOS_DEPLOYMENT_TARGET = 15.4;
				MARKETING_VERSION = 1.0;
				PRODUCT_BUNDLE_IDENTIFIER = com.EdWest.HonkTests;
				PRODUCT_NAME = "$(TARGET_NAME)";
				SWIFT_EMIT_LOC_STRINGS = NO;
				SWIFT_VERSION = 5.0;
				TARGETED_DEVICE_FAMILY = "1,2";
				TEST_HOST = "$(BUILT_PRODUCTS_DIR)/Honk.app/Honk";
			};
			name = Debug;
		};
		6450EA2D28277C61000F5C98 /* Release */ = {
			isa = XCBuildConfiguration;
			buildSettings = {
				ALWAYS_EMBED_SWIFT_STANDARD_LIBRARIES = YES;
				BUNDLE_LOADER = "$(TEST_HOST)";
				CODE_SIGN_STYLE = Automatic;
				CURRENT_PROJECT_VERSION = 1;
				DEVELOPMENT_TEAM = TRDA655WL3;
				GENERATE_INFOPLIST_FILE = YES;
				IPHONEOS_DEPLOYMENT_TARGET = 15.4;
				MARKETING_VERSION = 1.0;
				PRODUCT_BUNDLE_IDENTIFIER = com.EdWest.HonkTests;
				PRODUCT_NAME = "$(TARGET_NAME)";
				SWIFT_EMIT_LOC_STRINGS = NO;
				SWIFT_VERSION = 5.0;
				TARGETED_DEVICE_FAMILY = "1,2";
				TEST_HOST = "$(BUILT_PRODUCTS_DIR)/Honk.app/Honk";
			};
			name = Release;
		};
		6450EA2F28277C61000F5C98 /* Debug */ = {
			isa = XCBuildConfiguration;
			buildSettings = {
				ALWAYS_EMBED_SWIFT_STANDARD_LIBRARIES = YES;
				CODE_SIGN_STYLE = Automatic;
				CURRENT_PROJECT_VERSION = 1;
				DEVELOPMENT_TEAM = TRDA655WL3;
				GENERATE_INFOPLIST_FILE = YES;
				MARKETING_VERSION = 1.0;
				PRODUCT_BUNDLE_IDENTIFIER = com.EdWest.HonkUITests;
				PRODUCT_NAME = "$(TARGET_NAME)";
				SWIFT_EMIT_LOC_STRINGS = NO;
				SWIFT_VERSION = 5.0;
				TARGETED_DEVICE_FAMILY = "1,2";
				TEST_TARGET_NAME = Honk;
			};
			name = Debug;
		};
		6450EA3028277C61000F5C98 /* Release */ = {
			isa = XCBuildConfiguration;
			buildSettings = {
				ALWAYS_EMBED_SWIFT_STANDARD_LIBRARIES = YES;
				CODE_SIGN_STYLE = Automatic;
				CURRENT_PROJECT_VERSION = 1;
				DEVELOPMENT_TEAM = TRDA655WL3;
				GENERATE_INFOPLIST_FILE = YES;
				MARKETING_VERSION = 1.0;
				PRODUCT_BUNDLE_IDENTIFIER = com.EdWest.HonkUITests;
				PRODUCT_NAME = "$(TARGET_NAME)";
				SWIFT_EMIT_LOC_STRINGS = NO;
				SWIFT_VERSION = 5.0;
				TARGETED_DEVICE_FAMILY = "1,2";
				TEST_TARGET_NAME = Honk;
			};
			name = Release;
		};
/* End XCBuildConfiguration section */

/* Begin XCConfigurationList section */
		6450E9FF28277C5D000F5C98 /* Build configuration list for PBXProject "Honk" */ = {
			isa = XCConfigurationList;
			buildConfigurations = (
				6450EA2628277C61000F5C98 /* Debug */,
				6450EA2728277C61000F5C98 /* Release */,
			);
			defaultConfigurationIsVisible = 0;
			defaultConfigurationName = Release;
		};
		6450EA2828277C61000F5C98 /* Build configuration list for PBXNativeTarget "Honk" */ = {
			isa = XCConfigurationList;
			buildConfigurations = (
				6450EA2928277C61000F5C98 /* Debug */,
				6450EA2A28277C61000F5C98 /* Release */,
			);
			defaultConfigurationIsVisible = 0;
			defaultConfigurationName = Release;
		};
		6450EA2B28277C61000F5C98 /* Build configuration list for PBXNativeTarget "HonkTests" */ = {
			isa = XCConfigurationList;
			buildConfigurations = (
				6450EA2C28277C61000F5C98 /* Debug */,
				6450EA2D28277C61000F5C98 /* Release */,
			);
			defaultConfigurationIsVisible = 0;
			defaultConfigurationName = Release;
		};
		6450EA2E28277C61000F5C98 /* Build configuration list for PBXNativeTarget "HonkUITests" */ = {
			isa = XCConfigurationList;
			buildConfigurations = (
				6450EA2F28277C61000F5C98 /* Debug */,
				6450EA3028277C61000F5C98 /* Release */,
			);
			defaultConfigurationIsVisible = 0;
			defaultConfigurationName = Release;
		};
/* End XCConfigurationList section */
	};
	rootObject = 6450E9FC28277C5D000F5C98 /* Project object */;
}
